
Microsoft Visual Studio Solution File, Format Version 12.00
# Visual Studio Version 17
VisualStudioVersion = 17.3.32804.467
MinimumVisualStudioVersion = 10.0.40219.1
Project("{9A19103F-16F7-4668-BE54-9A1E7A4F7556}") = "BusinessTier", "BusinessTier\BusinessTier.csproj", "{B485A381-D7CD-44A7-835D-24C347043A20}"
EndProject
Project("{9A19103F-16F7-4668-BE54-9A1E7A4F7556}") = "DataAccess", "DataAccess\DataAccess.csproj", "{8C37B8FD-F76D-4AED-A8D6-187D325E58F4}"
EndProject
Project("{9A19103F-16F7-4668-BE54-9A1E7A4F7556}") = "WebAPI", "WebAPI\WebAPI.csproj", "{F9402BB4-4D3D-4D01-932C-BF321549CBE6}"
EndProject
Global
	GlobalSection(SolutionConfigurationPlatforms) = preSolution
		Debug|Any CPU = Debug|Any CPU
		Release|Any CPU = Release|Any CPU
	EndGlobalSection
	GlobalSection(ProjectConfigurationPlatforms) = postSolution
		{B485A381-D7CD-44A7-835D-24C347043A20}.Debug|Any CPU.ActiveCfg = Debug|Any CPU
		{B485A381-D7CD-44A7-835D-24C347043A20}.Debug|Any CPU.Build.0 = Debug|Any CPU
		{B485A381-D7CD-44A7-835D-24C347043A20}.Release|Any CPU.ActiveCfg = Release|Any CPU
		{B485A381-D7CD-44A7-835D-24C347043A20}.Release|Any CPU.Build.0 = Release|Any CPU
		{8C37B8FD-F76D-4AED-A8D6-187D325E58F4}.Debug|Any CPU.ActiveCfg = Debug|Any CPU
		{8C37B8FD-F76D-4AED-A8D6-187D325E58F4}.Debug|Any CPU.Build.0 = Debug|Any CPU
		{8C37B8FD-F76D-4AED-A8D6-187D325E58F4}.Release|Any CPU.ActiveCfg = Release|Any CPU
		{8C37B8FD-F76D-4AED-A8D6-187D325E58F4}.Release|Any CPU.Build.0 = Release|Any CPU
		{F9402BB4-4D3D-4D01-932C-BF321549CBE6}.Debug|Any CPU.ActiveCfg = Debug|Any CPU
		{F9402BB4-4D3D-4D01-932C-BF321549CBE6}.Debug|Any CPU.Build.0 = Debug|Any CPU
		{F9402BB4-4D3D-4D01-932C-BF321549CBE6}.Release|Any CPU.ActiveCfg = Release|Any CPU
		{F9402BB4-4D3D-4D01-932C-BF321549CBE6}.Release|Any CPU.Build.0 = Release|Any CPU
	EndGlobalSection
	GlobalSection(SolutionProperties) = preSolution
		HideSolutionNode = FALSE
	EndGlobalSection
	GlobalSection(ExtensibilityGlobals) = postSolution
		SolutionGuid = {7028E437-99E3-4CF5-B880-7AC9C0F9655B}
	EndGlobalSection
EndGlobal
